<?xml version="1.0" encoding="utf-8"?>
<Project ToolsVersion="4.0" xmlns="http://schemas.microsoft.com/developer/msbuild/2003">
  <ItemGroup>
    <Filter Include="소스 파일">
      <UniqueIdentifier>{4FC737F1-C7A5-4376-A066-2A32D752A2FF}</UniqueIdentifier>
      <Extensions>cpp;c;cc;cxx;c++;cppm;ixx;def;odl;idl;hpj;bat;asm;asmx</Extensions>
    </Filter>
    <Filter Include="헤더 파일">
      <UniqueIdentifier>{93995380-89BD-4b04-88EB-625FBE52EBFB}</UniqueIdentifier>
      <Extensions>h;hh;hpp;hxx;h++;hm;inl;inc;ipp;xsd</Extensions>
    </Filter>
    <Filter Include="리소스 파일">
      <UniqueIdentifier>{67DA6AB6-F800-4c08-8B7A-83BB121AAD01}</UniqueIdentifier>
      <Extensions>rc;ico;cur;bmp;dlg;rc2;rct;bin;rgs;gif;jpg;jpeg;jpe;resx;tiff;tif;png;wav;mfcribbon-ms</Extensions>
    </Filter>
  </ItemGroup>
  <ItemGroup>
    <ClCompile Include="1주차\01_백준_14681_사분면고르기.cpp">
      <Filter>소스 파일</Filter>
    </ClCompile>
    <ClCompile Include="1주차\02_while_문법.cpp">
      <Filter>소스 파일</Filter>
    </ClCompile>
    <ClCompile Include="1주차\03_백준_10951_A+B-4.cpp">
      <Filter>소스 파일</Filter>
    </ClCompile>
    <ClCompile Include="2주차\01_for반복문.cpp">
      <Filter>소스 파일</Filter>
    </ClCompile>
    <ClCompile Include="2주차\02_1차원배열_문법.cpp">
      <Filter>소스 파일</Filter>
    </ClCompile>
    <ClCompile Include="2주차\03_배열의주소.cpp">
      <Filter>소스 파일</Filter>
    </ClCompile>
    <ClCompile Include="3주차\01_별찍기-3.cpp">
      <Filter>소스 파일</Filter>
    </ClCompile>
    <ClCompile Include="3주차\02_거품정렬.cpp">
      <Filter>소스 파일</Filter>
    </ClCompile>
    <ClCompile Include="3주차\02_별찍기-4.cpp">
      <Filter>소스 파일</Filter>
    </ClCompile>
    <ClCompile Include="4주차\01_n까지의합.cpp">
      <Filter>소스 파일</Filter>
    </ClCompile>
    <ClCompile Include="4주차\02_거품정렬_함수.cpp">
      <Filter>소스 파일</Filter>
    </ClCompile>
    <ClCompile Include="4주차\03_n까지의합_재귀.cpp">
      <Filter>소스 파일</Filter>
    </ClCompile>
    <ClCompile Include="4주차\04_피보나치수열.cpp">
      <Filter>소스 파일</Filter>
    </ClCompile>
  </ItemGroup>
</Project>